// !$*UTF8*$!
{
	archiveVersion = 1;
	classes = {
	};
	objectVersion = 51;
	objects = {

/* Begin PBXBuildFile section */
		2F00396D240FFCCE000DE1A7 /* Document.swift in Sources */ = {isa = PBXBuildFile; fileRef = 2F00396C240FFCCE000DE1A7 /* Document.swift */; };
		2F1BD58424018C97009E11B8 /* BestCourses.swift in Sources */ = {isa = PBXBuildFile; fileRef = 2F1BD58324018C97009E11B8 /* BestCourses.swift */; };
		2F1BD58624018F5D009E11B8 /* TwoButtons.swift in Sources */ = {isa = PBXBuildFile; fileRef = 2F1BD58524018F5D009E11B8 /* TwoButtons.swift */; };
		2F1BD58A2401AAB6009E11B8 /* Course.swift in Sources */ = {isa = PBXBuildFile; fileRef = 2F1BD5882401AAB5009E11B8 /* Course.swift */; };
		2F1BD58B2401AAB6009E11B8 /* ForMe.swift in Sources */ = {isa = PBXBuildFile; fileRef = 2F1BD5892401AAB5009E11B8 /* ForMe.swift */; };
		2F1BD58D2401AD63009E11B8 /* Author.swift in Sources */ = {isa = PBXBuildFile; fileRef = 2F1BD58C2401AD63009E11B8 /* Author.swift */; };
		2F1BD58F2401B8CC009E11B8 /* AllCoursesListView.swift in Sources */ = {isa = PBXBuildFile; fileRef = 2F1BD58E2401B8CC009E11B8 /* AllCoursesListView.swift */; };
		2F1BD5912401B9A9009E11B8 /* IconWithTitleView.swift in Sources */ = {isa = PBXBuildFile; fileRef = 2F1BD5902401B9A9009E11B8 /* IconWithTitleView.swift */; };
		2F386EDF23FC6B6F0058579E /* HomeRequests.swift in Sources */ = {isa = PBXBuildFile; fileRef = 2F386EDE23FC6B6F0058579E /* HomeRequests.swift */; };
		2F386EF523FC6C6E0058579E /* CategoriesView.swift in Sources */ = {isa = PBXBuildFile; fileRef = 2F386EEE23FC6C6E0058579E /* CategoriesView.swift */; };
		2F386EF623FC6C6E0058579E /* MeditationView.swift in Sources */ = {isa = PBXBuildFile; fileRef = 2F386EEF23FC6C6E0058579E /* MeditationView.swift */; };
		2F386EF723FC6C6E0058579E /* ForYou.swift in Sources */ = {isa = PBXBuildFile; fileRef = 2F386EF023FC6C6E0058579E /* ForYou.swift */; };
		2F386EF823FC6C6E0058579E /* SectionsName.swift in Sources */ = {isa = PBXBuildFile; fileRef = 2F386EF123FC6C6E0058579E /* SectionsName.swift */; };
		2F386EF923FC6C6E0058579E /* EachCourse.swift in Sources */ = {isa = PBXBuildFile; fileRef = 2F386EF223FC6C6E0058579E /* EachCourse.swift */; };
		2F386EFA23FC6C6E0058579E /* FirstBannerView.swift in Sources */ = {isa = PBXBuildFile; fileRef = 2F386EF323FC6C6E0058579E /* FirstBannerView.swift */; };
		2F386EFB23FC6C6E0058579E /* MyCourses.swift in Sources */ = {isa = PBXBuildFile; fileRef = 2F386EF423FC6C6E0058579E /* MyCourses.swift */; };
		2F386EFD23FC6CD40058579E /* HomeVC.swift in Sources */ = {isa = PBXBuildFile; fileRef = 2F386EFC23FC6CD40058579E /* HomeVC.swift */; };
		2F386F0523FC6D8D0058579E /* MeditationCVC.xib in Resources */ = {isa = PBXBuildFile; fileRef = 2F386EFE23FC6D8C0058579E /* MeditationCVC.xib */; };
		2F386F0623FC6D8D0058579E /* ImagesWithTitleCVC.xib in Resources */ = {isa = PBXBuildFile; fileRef = 2F386EFF23FC6D8C0058579E /* ImagesWithTitleCVC.xib */; };
		2F386F0723FC6D8D0058579E /* ForYouCVC.swift in Sources */ = {isa = PBXBuildFile; fileRef = 2F386F0023FC6D8C0058579E /* ForYouCVC.swift */; };
		2F386F0823FC6D8D0058579E /* ImagesWithTitleCVC.swift in Sources */ = {isa = PBXBuildFile; fileRef = 2F386F0123FC6D8D0058579E /* ImagesWithTitleCVC.swift */; };
		2F386F0923FC6D8D0058579E /* MeditationCVC.swift in Sources */ = {isa = PBXBuildFile; fileRef = 2F386F0223FC6D8D0058579E /* MeditationCVC.swift */; };
		2F386F0A23FC6D8D0058579E /* ForYouCVC.xib in Resources */ = {isa = PBXBuildFile; fileRef = 2F386F0323FC6D8D0058579E /* ForYouCVC.xib */; };
		2F386F0B23FC6D8D0058579E /* OnlyImageCVC.swift in Sources */ = {isa = PBXBuildFile; fileRef = 2F386F0423FC6D8D0058579E /* OnlyImageCVC.swift */; };
		2F386F1423FC6DE70058579E /* ViewControllerExtension.swift in Sources */ = {isa = PBXBuildFile; fileRef = 2F386F0C23FC6DE60058579E /* ViewControllerExtension.swift */; };
		2F386F1523FC6DE70058579E /* StringExtension.swift in Sources */ = {isa = PBXBuildFile; fileRef = 2F386F0D23FC6DE60058579E /* StringExtension.swift */; };
		2F386F1623FC6DE70058579E /* UIViewExtensions.swift in Sources */ = {isa = PBXBuildFile; fileRef = 2F386F0E23FC6DE60058579E /* UIViewExtensions.swift */; };
		2F386F1723FC6DE70058579E /* ScrollStackController.swift in Sources */ = {isa = PBXBuildFile; fileRef = 2F386F0F23FC6DE60058579E /* ScrollStackController.swift */; };
		2F386F1823FC6DE70058579E /* ViewExtensions.swift in Sources */ = {isa = PBXBuildFile; fileRef = 2F386F1023FC6DE70058579E /* ViewExtensions.swift */; };
		2F386F1923FC6DE70058579E /* StackViewExtensions.swift in Sources */ = {isa = PBXBuildFile; fileRef = 2F386F1123FC6DE70058579E /* StackViewExtensions.swift */; };
		2F386F1A23FC6DE70058579E /* LabelExtensions.swift in Sources */ = {isa = PBXBuildFile; fileRef = 2F386F1223FC6DE70058579E /* LabelExtensions.swift */; };
		2F386F1B23FC6DE70058579E /* Colors.swift in Sources */ = {isa = PBXBuildFile; fileRef = 2F386F1323FC6DE70058579E /* Colors.swift */; };
		2F386F2323FC6E710058579E /* BannersResponse.swift in Sources */ = {isa = PBXBuildFile; fileRef = 2F386F1C23FC6E700058579E /* BannersResponse.swift */; };
		2F386F2423FC6E710058579E /* CategoriesResponse.swift in Sources */ = {isa = PBXBuildFile; fileRef = 2F386F1D23FC6E700058579E /* CategoriesResponse.swift */; };
		2F386F2523FC6E710058579E /* Data.swift in Sources */ = {isa = PBXBuildFile; fileRef = 2F386F1E23FC6E700058579E /* Data.swift */; };
		2F386F2623FC6E710058579E /* MeditationsResponse.swift in Sources */ = {isa = PBXBuildFile; fileRef = 2F386F1F23FC6E700058579E /* MeditationsResponse.swift */; };
		2F386F2723FC6E710058579E /* Category.swift in Sources */ = {isa = PBXBuildFile; fileRef = 2F386F2023FC6E700058579E /* Category.swift */; };
		2F386F2823FC6E710058579E /* Meditation.swift in Sources */ = {isa = PBXBuildFile; fileRef = 2F386F2123FC6E710058579E /* Meditation.swift */; };
		2F386F2923FC6E710058579E /* Banner.swift in Sources */ = {isa = PBXBuildFile; fileRef = 2F386F2223FC6E710058579E /* Banner.swift */; };
		2F412E9824115FC9002B8B59 /* DocReaderVC.swift in Sources */ = {isa = PBXBuildFile; fileRef = 2F412E9724115FC9002B8B59 /* DocReaderVC.swift */; };
		2F60140323FED38200D2A354 /* CoursesVC.swift in Sources */ = {isa = PBXBuildFile; fileRef = 2F60140223FED38200D2A354 /* CoursesVC.swift */; };
		2F60140623FED3A600D2A354 /* SearchView.swift in Sources */ = {isa = PBXBuildFile; fileRef = 2F60140523FED3A600D2A354 /* SearchView.swift */; };
		2F85E1E3240D4C1400ABAF2C /* MaterialListView.swift in Sources */ = {isa = PBXBuildFile; fileRef = 2F85E1E2240D4C1400ABAF2C /* MaterialListView.swift */; };
		2FB28DFB240AEC7600D2270E /* Lesson.swift in Sources */ = {isa = PBXBuildFile; fileRef = 2FB28DFA240AEC7600D2270E /* Lesson.swift */; };
		2FB28DFD240C0F4F00D2270E /* SubjectVC.swift in Sources */ = {isa = PBXBuildFile; fileRef = 2FB28DFC240C0F4F00D2270E /* SubjectVC.swift */; };
		2FB28E00240C1BC000D2270E /* MaterialResponse.swift in Sources */ = {isa = PBXBuildFile; fileRef = 2FB28DFE240C1BC000D2270E /* MaterialResponse.swift */; };
		2FB28E01240C1BC000D2270E /* Material.swift in Sources */ = {isa = PBXBuildFile; fileRef = 2FB28DFF240C1BC000D2270E /* Material.swift */; };
		2FB73B0E24040488004A0A3A /* TabbarViewController.swift in Sources */ = {isa = PBXBuildFile; fileRef = 2FB73B0D24040488004A0A3A /* TabbarViewController.swift */; };
		2FB73B1024040576004A0A3A /* CoursesListVC.swift in Sources */ = {isa = PBXBuildFile; fileRef = 2FB73B0F24040576004A0A3A /* CoursesListVC.swift */; };
		2FB73B1224040CF3004A0A3A /* CoursesByCategoryVC.swift in Sources */ = {isa = PBXBuildFile; fileRef = 2FB73B1124040CF3004A0A3A /* CoursesByCategoryVC.swift */; };
		2FB73B1424041B70004A0A3A /* AboutCourseVC.swift in Sources */ = {isa = PBXBuildFile; fileRef = 2FB73B1324041B70004A0A3A /* AboutCourseVC.swift */; };
		2FB73B1624041BDD004A0A3A /* VideoView.swift in Sources */ = {isa = PBXBuildFile; fileRef = 2FB73B1524041BDD004A0A3A /* VideoView.swift */; };
		2FB73B1824041F55004A0A3A /* CourseAuthorView.swift in Sources */ = {isa = PBXBuildFile; fileRef = 2FB73B1724041F55004A0A3A /* CourseAuthorView.swift */; };
		69CACAC7F5AEA47A35CDCCA9 /* Pods_Tensend_new_Tests.framework in Frameworks */ = {isa = PBXBuildFile; fileRef = A4F5CB3737D04107C58C01CC /* Pods_Tensend_new_Tests.framework */; };
		AA30C19A23E96E5F00617132 /* CheckCodePresenter.swift in Sources */ = {isa = PBXBuildFile; fileRef = AA30C19923E96E5F00617132 /* CheckCodePresenter.swift */; };
		AA30C19D23E9704100617132 /* CheckCodeView.swift in Sources */ = {isa = PBXBuildFile; fileRef = AA30C19B23E9704100617132 /* CheckCodeView.swift */; };
		AA30C19E23E9704100617132 /* CheckCodeView.xib in Resources */ = {isa = PBXBuildFile; fileRef = AA30C19C23E9704100617132 /* CheckCodeView.xib */; };
		AA3B5A78240AF8C1009AEEB3 /* ProfileVC.swift in Sources */ = {isa = PBXBuildFile; fileRef = AA3B5A77240AF8C1009AEEB3 /* ProfileVC.swift */; };
		AA3B5A7B240C008A009AEEB3 /* ThreeButtons.swift in Sources */ = {isa = PBXBuildFile; fileRef = AA3B5A7A240C008A009AEEB3 /* ThreeButtons.swift */; };
		AA3B5A7D240C0997009AEEB3 /* SmallView.swift in Sources */ = {isa = PBXBuildFile; fileRef = AA3B5A7C240C0997009AEEB3 /* SmallView.swift */; };
		AA47C4D123E95E4E003FA110 /* CustomDropdownCell.swift in Sources */ = {isa = PBXBuildFile; fileRef = AA47C4CF23E95E4E003FA110 /* CustomDropdownCell.swift */; };
		AA47C4D223E95E4E003FA110 /* CustomDropdownCell.xib in Resources */ = {isa = PBXBuildFile; fileRef = AA47C4D023E95E4E003FA110 /* CustomDropdownCell.xib */; };
		AA77BD5F2404091D009BFFD0 /* MeditationRouter.swift in Sources */ = {isa = PBXBuildFile; fileRef = AA77BD5E2404091D009BFFD0 /* MeditationRouter.swift */; };
		AA77BD612404094B009BFFD0 /* MeditaionBuilder.swift in Sources */ = {isa = PBXBuildFile; fileRef = AA77BD602404094B009BFFD0 /* MeditaionBuilder.swift */; };
		AA77BD6424040BEA009BFFD0 /* MeditationPresenter.swift in Sources */ = {isa = PBXBuildFile; fileRef = AA77BD6324040BEA009BFFD0 /* MeditationPresenter.swift */; };
		AA77BD6624040EDF009BFFD0 /* MeditationsView.swift in Sources */ = {isa = PBXBuildFile; fileRef = AA77BD6524040EDF009BFFD0 /* MeditationsView.swift */; };
		AA77BD6924041EE4009BFFD0 /* MeditationEachView.swift in Sources */ = {isa = PBXBuildFile; fileRef = AA77BD6824041EE4009BFFD0 /* MeditationEachView.swift */; };
		AA77BD6C24080236009BFFD0 /* SingleMeditationPresenter.swift in Sources */ = {isa = PBXBuildFile; fileRef = AA77BD6B24080236009BFFD0 /* SingleMeditationPresenter.swift */; };
		AA77BD6F240803F2009BFFD0 /* SingleMeditationView.swift in Sources */ = {isa = PBXBuildFile; fileRef = AA77BD6D240803F2009BFFD0 /* SingleMeditationView.swift */; };
		AA77BD70240803F2009BFFD0 /* SingleMeditationView.xib in Resources */ = {isa = PBXBuildFile; fileRef = AA77BD6E240803F2009BFFD0 /* SingleMeditationView.xib */; };
		AA77BD74240961CE009BFFD0 /* AuthorsCollectionViewCell.swift in Sources */ = {isa = PBXBuildFile; fileRef = AA77BD72240961CE009BFFD0 /* AuthorsCollectionViewCell.swift */; };
		AA77BD75240961CE009BFFD0 /* AuthorsCollectionViewCell.xib in Resources */ = {isa = PBXBuildFile; fileRef = AA77BD73240961CE009BFFD0 /* AuthorsCollectionViewCell.xib */; };
		AA77BD7724096478009BFFD0 /* TokenHeaders.swift in Sources */ = {isa = PBXBuildFile; fileRef = AA77BD7624096478009BFFD0 /* TokenHeaders.swift */; };
		AA9130612416A691003FD915 /* SettingsVC.swift in Sources */ = {isa = PBXBuildFile; fileRef = AA91305F2416A691003FD915 /* SettingsVC.swift */; };
		AA9130622416A691003FD915 /* SettingsVC.xib in Resources */ = {isa = PBXBuildFile; fileRef = AA9130602416A691003FD915 /* SettingsVC.xib */; };
		AA9130662416A772003FD915 /* SettingsTVC.swift in Sources */ = {isa = PBXBuildFile; fileRef = AA9130642416A772003FD915 /* SettingsTVC.swift */; };
		AA9130672416A772003FD915 /* SettingsTVC.xib in Resources */ = {isa = PBXBuildFile; fileRef = AA9130652416A772003FD915 /* SettingsTVC.xib */; };
		AA91306A2416B113003FD915 /* ProfileSettingsVC.swift in Sources */ = {isa = PBXBuildFile; fileRef = AA9130682416B113003FD915 /* ProfileSettingsVC.swift */; };
		AA91306D2416B171003FD915 /* TextFieldView.swift in Sources */ = {isa = PBXBuildFile; fileRef = AA91306C2416B171003FD915 /* TextFieldView.swift */; };
		AAB1300723EAFBE900D86BAC /* StandartResponse.swift in Sources */ = {isa = PBXBuildFile; fileRef = AAB1300623EAFBE900D86BAC /* StandartResponse.swift */; };
		AAB1302C23EC7D9500D86BAC /* CreatePasswordView.swift in Sources */ = {isa = PBXBuildFile; fileRef = AAB1302A23EC7D9500D86BAC /* CreatePasswordView.swift */; };
		AAB1302D23EC7D9500D86BAC /* CreatePasswordView.xib in Resources */ = {isa = PBXBuildFile; fileRef = AAB1302B23EC7D9500D86BAC /* CreatePasswordView.xib */; };
		AAB1302F23EC805E00D86BAC /* CreatePasswordPresenter.swift in Sources */ = {isa = PBXBuildFile; fileRef = AAB1302E23EC805E00D86BAC /* CreatePasswordPresenter.swift */; };
		AAB1303323ED5D7300D86BAC /* CreatePasscodeView.swift in Sources */ = {isa = PBXBuildFile; fileRef = AAB1303123ED5D7300D86BAC /* CreatePasscodeView.swift */; };
		AAB1303423ED5D7300D86BAC /* CreatePasscodeView.xib in Resources */ = {isa = PBXBuildFile; fileRef = AAB1303223ED5D7300D86BAC /* CreatePasscodeView.xib */; };
		AAB1303623ED5F0500D86BAC /* CreatePasscodePresenter.swift in Sources */ = {isa = PBXBuildFile; fileRef = AAB1303523ED5F0500D86BAC /* CreatePasscodePresenter.swift */; };
		AAB9B77B23FC219C00314455 /* SignInView.swift in Sources */ = {isa = PBXBuildFile; fileRef = AAB9B77923FC219C00314455 /* SignInView.swift */; };
		AAB9B77E23FC2C3300314455 /* SIgnInPresenter.swift in Sources */ = {isa = PBXBuildFile; fileRef = AAB9B77D23FC2C3300314455 /* SIgnInPresenter.swift */; };
		AAB9B78124019CA500314455 /* ResetPasswordVC.swift in Sources */ = {isa = PBXBuildFile; fileRef = AAB9B78024019CA500314455 /* ResetPasswordVC.swift */; };
		AAC3F89923FC1CD700537254 /* CorrectCodeView.swift in Sources */ = {isa = PBXBuildFile; fileRef = AAC3F89823FC1CD700537254 /* CorrectCodeView.swift */; };
		AAC3F89C23FC1CE700537254 /* UserDefaults.swift in Sources */ = {isa = PBXBuildFile; fileRef = AAC3F89B23FC1CE700537254 /* UserDefaults.swift */; };
		AACC4DAD23E828310072F77D /* Country.swift in Sources */ = {isa = PBXBuildFile; fileRef = AACC4DAC23E828310072F77D /* Country.swift */; };
		AAD5DA8123E169ED00D9F7D0 /* AppDelegate.swift in Sources */ = {isa = PBXBuildFile; fileRef = AAD5DA8023E169ED00D9F7D0 /* AppDelegate.swift */; };
		AAD5DA8323E169ED00D9F7D0 /* SceneDelegate.swift in Sources */ = {isa = PBXBuildFile; fileRef = AAD5DA8223E169ED00D9F7D0 /* SceneDelegate.swift */; };
		AAD5DA8523E169ED00D9F7D0 /* MainViewController.swift in Sources */ = {isa = PBXBuildFile; fileRef = AAD5DA8423E169ED00D9F7D0 /* MainViewController.swift */; };
		AAD5DA8823E169ED00D9F7D0 /* Main.storyboard in Resources */ = {isa = PBXBuildFile; fileRef = AAD5DA8623E169ED00D9F7D0 /* Main.storyboard */; };
		AAD5DA8D23E169EE00D9F7D0 /* LaunchScreen.storyboard in Resources */ = {isa = PBXBuildFile; fileRef = AAD5DA8B23E169EE00D9F7D0 /* LaunchScreen.storyboard */; };
		AAD5DA9823E169EF00D9F7D0 /* Tensend_new_Tests.swift in Sources */ = {isa = PBXBuildFile; fileRef = AAD5DA9723E169EF00D9F7D0 /* Tensend_new_Tests.swift */; };
		AAD5DAA323E174B100D9F7D0 /* Assets.xcassets in Resources */ = {isa = PBXBuildFile; fileRef = AAD5DAA223E174B100D9F7D0 /* Assets.xcassets */; };
		AAD5DAA823E1774000D9F7D0 /* Builder.swift in Sources */ = {isa = PBXBuildFile; fileRef = AAD5DAA623E1774000D9F7D0 /* Builder.swift */; };
		AAD5DAA923E1774000D9F7D0 /* Router.swift in Sources */ = {isa = PBXBuildFile; fileRef = AAD5DAA723E1774000D9F7D0 /* Router.swift */; };
		AAD5DAB423E1784F00D9F7D0 /* MainPresenter.swift in Sources */ = {isa = PBXBuildFile; fileRef = AAD5DAB323E1784F00D9F7D0 /* MainPresenter.swift */; };
		AAE71B7C23E405DB00CAFA47 /* MainVC.swift in Sources */ = {isa = PBXBuildFile; fileRef = AAE71B7A23E405DB00CAFA47 /* MainVC.swift */; };
		AAE71B7D23E405DB00CAFA47 /* MainVC.xib in Resources */ = {isa = PBXBuildFile; fileRef = AAE71B7B23E405DB00CAFA47 /* MainVC.xib */; };
		AAE71B8A23E4129D00CAFA47 /* NetworkLayout.swift in Sources */ = {isa = PBXBuildFile; fileRef = AAE71B8923E4129D00CAFA47 /* NetworkLayout.swift */; };
		CAD1B55D908B6BFCA02A070C /* Pods_Tensend_new_.framework in Frameworks */ = {isa = PBXBuildFile; fileRef = 9FEE3C11B2628762F667FC90 /* Pods_Tensend_new_.framework */; };
/* End PBXBuildFile section */

/* Begin PBXContainerItemProxy section */
		AAD5DA9423E169EF00D9F7D0 /* PBXContainerItemProxy */ = {
			isa = PBXContainerItemProxy;
			containerPortal = AAD5DA7523E169ED00D9F7D0 /* Project object */;
			proxyType = 1;
			remoteGlobalIDString = AAD5DA7C23E169ED00D9F7D0;
			remoteInfo = "Tensend(new)";
		};
/* End PBXContainerItemProxy section */

/* Begin PBXFileReference section */
		0E62ED0DA18E2558035BEAEA /* Pods-Tensend(new)Tests.debug.xcconfig */ = {isa = PBXFileReference; includeInIndex = 1; lastKnownFileType = text.xcconfig; name = "Pods-Tensend(new)Tests.debug.xcconfig"; path = "Target Support Files/Pods-Tensend(new)Tests/Pods-Tensend(new)Tests.debug.xcconfig"; sourceTree = "<group>"; };
		2F00396C240FFCCE000DE1A7 /* Document.swift */ = {isa = PBXFileReference; lastKnownFileType = sourcecode.swift; path = Document.swift; sourceTree = "<group>"; };
		2F1BD58324018C97009E11B8 /* BestCourses.swift */ = {isa = PBXFileReference; lastKnownFileType = sourcecode.swift; path = BestCourses.swift; sourceTree = "<group>"; };
		2F1BD58524018F5D009E11B8 /* TwoButtons.swift */ = {isa = PBXFileReference; lastKnownFileType = sourcecode.swift; path = TwoButtons.swift; sourceTree = "<group>"; };
		2F1BD5882401AAB5009E11B8 /* Course.swift */ = {isa = PBXFileReference; fileEncoding = 4; lastKnownFileType = sourcecode.swift; path = Course.swift; sourceTree = "<group>"; };
		2F1BD5892401AAB5009E11B8 /* ForMe.swift */ = {isa = PBXFileReference; fileEncoding = 4; lastKnownFileType = sourcecode.swift; path = ForMe.swift; sourceTree = "<group>"; };
		2F1BD58C2401AD63009E11B8 /* Author.swift */ = {isa = PBXFileReference; lastKnownFileType = sourcecode.swift; path = Author.swift; sourceTree = "<group>"; };
		2F1BD58E2401B8CC009E11B8 /* AllCoursesListView.swift */ = {isa = PBXFileReference; lastKnownFileType = sourcecode.swift; path = AllCoursesListView.swift; sourceTree = "<group>"; };
		2F1BD5902401B9A9009E11B8 /* IconWithTitleView.swift */ = {isa = PBXFileReference; lastKnownFileType = sourcecode.swift; path = IconWithTitleView.swift; sourceTree = "<group>"; };
		2F386EDE23FC6B6F0058579E /* HomeRequests.swift */ = {isa = PBXFileReference; fileEncoding = 4; lastKnownFileType = sourcecode.swift; name = HomeRequests.swift; path = "Tensend(new)/Home/HomeRequests.swift"; sourceTree = SOURCE_ROOT; };
		2F386EEE23FC6C6E0058579E /* CategoriesView.swift */ = {isa = PBXFileReference; fileEncoding = 4; lastKnownFileType = sourcecode.swift; name = CategoriesView.swift; path = "Tensend(new)/Home/Home Views/CategoriesView.swift"; sourceTree = SOURCE_ROOT; };
		2F386EEF23FC6C6E0058579E /* MeditationView.swift */ = {isa = PBXFileReference; fileEncoding = 4; lastKnownFileType = sourcecode.swift; name = MeditationView.swift; path = "Tensend(new)/Home/Home Views/MeditationView.swift"; sourceTree = SOURCE_ROOT; };
		2F386EF023FC6C6E0058579E /* ForYou.swift */ = {isa = PBXFileReference; fileEncoding = 4; lastKnownFileType = sourcecode.swift; name = ForYou.swift; path = "Tensend(new)/Home/Home Views/ForYou.swift"; sourceTree = SOURCE_ROOT; };
		2F386EF123FC6C6E0058579E /* SectionsName.swift */ = {isa = PBXFileReference; fileEncoding = 4; lastKnownFileType = sourcecode.swift; name = SectionsName.swift; path = "Tensend(new)/Home/Home Views/SectionsName.swift"; sourceTree = SOURCE_ROOT; };
		2F386EF223FC6C6E0058579E /* EachCourse.swift */ = {isa = PBXFileReference; fileEncoding = 4; lastKnownFileType = sourcecode.swift; name = EachCourse.swift; path = "Tensend(new)/Home/Home Views/EachCourse.swift"; sourceTree = SOURCE_ROOT; };
		2F386EF323FC6C6E0058579E /* FirstBannerView.swift */ = {isa = PBXFileReference; fileEncoding = 4; lastKnownFileType = sourcecode.swift; name = FirstBannerView.swift; path = "Tensend(new)/Home/Home Views/FirstBannerView.swift"; sourceTree = SOURCE_ROOT; };
		2F386EF423FC6C6E0058579E /* MyCourses.swift */ = {isa = PBXFileReference; fileEncoding = 4; lastKnownFileType = sourcecode.swift; name = MyCourses.swift; path = "Tensend(new)/Home/Home Views/MyCourses.swift"; sourceTree = SOURCE_ROOT; };
		2F386EFC23FC6CD40058579E /* HomeVC.swift */ = {isa = PBXFileReference; fileEncoding = 4; lastKnownFileType = sourcecode.swift; name = HomeVC.swift; path = "Tensend(new)/Home/HomeVC.swift"; sourceTree = SOURCE_ROOT; };
		2F386EFE23FC6D8C0058579E /* MeditationCVC.xib */ = {isa = PBXFileReference; fileEncoding = 4; lastKnownFileType = file.xib; name = MeditationCVC.xib; path = "Tensend(new)/CollectionViewCells/MeditationCVC.xib"; sourceTree = SOURCE_ROOT; };
		2F386EFF23FC6D8C0058579E /* ImagesWithTitleCVC.xib */ = {isa = PBXFileReference; fileEncoding = 4; lastKnownFileType = file.xib; name = ImagesWithTitleCVC.xib; path = "Tensend(new)/CollectionViewCells/ImagesWithTitleCVC.xib"; sourceTree = SOURCE_ROOT; };
		2F386F0023FC6D8C0058579E /* ForYouCVC.swift */ = {isa = PBXFileReference; fileEncoding = 4; lastKnownFileType = sourcecode.swift; name = ForYouCVC.swift; path = "Tensend(new)/CollectionViewCells/ForYouCVC.swift"; sourceTree = SOURCE_ROOT; };
		2F386F0123FC6D8D0058579E /* ImagesWithTitleCVC.swift */ = {isa = PBXFileReference; fileEncoding = 4; lastKnownFileType = sourcecode.swift; name = ImagesWithTitleCVC.swift; path = "Tensend(new)/CollectionViewCells/ImagesWithTitleCVC.swift"; sourceTree = SOURCE_ROOT; };
		2F386F0223FC6D8D0058579E /* MeditationCVC.swift */ = {isa = PBXFileReference; fileEncoding = 4; lastKnownFileType = sourcecode.swift; name = MeditationCVC.swift; path = "Tensend(new)/CollectionViewCells/MeditationCVC.swift"; sourceTree = SOURCE_ROOT; };
		2F386F0323FC6D8D0058579E /* ForYouCVC.xib */ = {isa = PBXFileReference; fileEncoding = 4; lastKnownFileType = file.xib; name = ForYouCVC.xib; path = "Tensend(new)/CollectionViewCells/ForYouCVC.xib"; sourceTree = SOURCE_ROOT; };
		2F386F0423FC6D8D0058579E /* OnlyImageCVC.swift */ = {isa = PBXFileReference; fileEncoding = 4; lastKnownFileType = sourcecode.swift; name = OnlyImageCVC.swift; path = "Tensend(new)/CollectionViewCells/OnlyImageCVC.swift"; sourceTree = SOURCE_ROOT; };
		2F386F0C23FC6DE60058579E /* ViewControllerExtension.swift */ = {isa = PBXFileReference; fileEncoding = 4; lastKnownFileType = sourcecode.swift; path = ViewControllerExtension.swift; sourceTree = "<group>"; };
		2F386F0D23FC6DE60058579E /* StringExtension.swift */ = {isa = PBXFileReference; fileEncoding = 4; lastKnownFileType = sourcecode.swift; path = StringExtension.swift; sourceTree = "<group>"; };
		2F386F0E23FC6DE60058579E /* UIViewExtensions.swift */ = {isa = PBXFileReference; fileEncoding = 4; lastKnownFileType = sourcecode.swift; path = UIViewExtensions.swift; sourceTree = "<group>"; };
		2F386F0F23FC6DE60058579E /* ScrollStackController.swift */ = {isa = PBXFileReference; fileEncoding = 4; lastKnownFileType = sourcecode.swift; path = ScrollStackController.swift; sourceTree = "<group>"; };
		2F386F1023FC6DE70058579E /* ViewExtensions.swift */ = {isa = PBXFileReference; fileEncoding = 4; lastKnownFileType = sourcecode.swift; path = ViewExtensions.swift; sourceTree = "<group>"; };
		2F386F1123FC6DE70058579E /* StackViewExtensions.swift */ = {isa = PBXFileReference; fileEncoding = 4; lastKnownFileType = sourcecode.swift; path = StackViewExtensions.swift; sourceTree = "<group>"; };
		2F386F1223FC6DE70058579E /* LabelExtensions.swift */ = {isa = PBXFileReference; fileEncoding = 4; lastKnownFileType = sourcecode.swift; path = LabelExtensions.swift; sourceTree = "<group>"; };
		2F386F1323FC6DE70058579E /* Colors.swift */ = {isa = PBXFileReference; fileEncoding = 4; lastKnownFileType = sourcecode.swift; path = Colors.swift; sourceTree = "<group>"; };
		2F386F1C23FC6E700058579E /* BannersResponse.swift */ = {isa = PBXFileReference; fileEncoding = 4; lastKnownFileType = sourcecode.swift; path = BannersResponse.swift; sourceTree = "<group>"; };
		2F386F1D23FC6E700058579E /* CategoriesResponse.swift */ = {isa = PBXFileReference; fileEncoding = 4; lastKnownFileType = sourcecode.swift; path = CategoriesResponse.swift; sourceTree = "<group>"; };
		2F386F1E23FC6E700058579E /* Data.swift */ = {isa = PBXFileReference; fileEncoding = 4; lastKnownFileType = sourcecode.swift; path = Data.swift; sourceTree = "<group>"; };
		2F386F1F23FC6E700058579E /* MeditationsResponse.swift */ = {isa = PBXFileReference; fileEncoding = 4; lastKnownFileType = sourcecode.swift; path = MeditationsResponse.swift; sourceTree = "<group>"; };
		2F386F2023FC6E700058579E /* Category.swift */ = {isa = PBXFileReference; fileEncoding = 4; lastKnownFileType = sourcecode.swift; path = Category.swift; sourceTree = "<group>"; };
		2F386F2123FC6E710058579E /* Meditation.swift */ = {isa = PBXFileReference; fileEncoding = 4; lastKnownFileType = sourcecode.swift; path = Meditation.swift; sourceTree = "<group>"; };
		2F386F2223FC6E710058579E /* Banner.swift */ = {isa = PBXFileReference; fileEncoding = 4; lastKnownFileType = sourcecode.swift; path = Banner.swift; sourceTree = "<group>"; };
		2F412E9724115FC9002B8B59 /* DocReaderVC.swift */ = {isa = PBXFileReference; lastKnownFileType = sourcecode.swift; path = DocReaderVC.swift; sourceTree = "<group>"; };
		2F60140223FED38200D2A354 /* CoursesVC.swift */ = {isa = PBXFileReference; lastKnownFileType = sourcecode.swift; path = CoursesVC.swift; sourceTree = "<group>"; };
		2F60140523FED3A600D2A354 /* SearchView.swift */ = {isa = PBXFileReference; lastKnownFileType = sourcecode.swift; path = SearchView.swift; sourceTree = "<group>"; };
		2F85E1E2240D4C1400ABAF2C /* MaterialListView.swift */ = {isa = PBXFileReference; lastKnownFileType = sourcecode.swift; path = MaterialListView.swift; sourceTree = "<group>"; };
		2FB28DFA240AEC7600D2270E /* Lesson.swift */ = {isa = PBXFileReference; fileEncoding = 4; lastKnownFileType = sourcecode.swift; path = Lesson.swift; sourceTree = "<group>"; };
		2FB28DFC240C0F4F00D2270E /* SubjectVC.swift */ = {isa = PBXFileReference; lastKnownFileType = sourcecode.swift; path = SubjectVC.swift; sourceTree = "<group>"; };
		2FB28DFE240C1BC000D2270E /* MaterialResponse.swift */ = {isa = PBXFileReference; fileEncoding = 4; lastKnownFileType = sourcecode.swift; path = MaterialResponse.swift; sourceTree = "<group>"; };
		2FB28DFF240C1BC000D2270E /* Material.swift */ = {isa = PBXFileReference; fileEncoding = 4; lastKnownFileType = sourcecode.swift; path = Material.swift; sourceTree = "<group>"; };
		2FB73B0D24040488004A0A3A /* TabbarViewController.swift */ = {isa = PBXFileReference; lastKnownFileType = sourcecode.swift; path = TabbarViewController.swift; sourceTree = "<group>"; };
		2FB73B0F24040576004A0A3A /* CoursesListVC.swift */ = {isa = PBXFileReference; lastKnownFileType = sourcecode.swift; path = CoursesListVC.swift; sourceTree = "<group>"; };
		2FB73B1124040CF3004A0A3A /* CoursesByCategoryVC.swift */ = {isa = PBXFileReference; lastKnownFileType = sourcecode.swift; path = CoursesByCategoryVC.swift; sourceTree = "<group>"; };
		2FB73B1324041B70004A0A3A /* AboutCourseVC.swift */ = {isa = PBXFileReference; lastKnownFileType = sourcecode.swift; name = AboutCourseVC.swift; path = "Courses objects/AboutCourseVC.swift"; sourceTree = "<group>"; };
		2FB73B1524041BDD004A0A3A /* VideoView.swift */ = {isa = PBXFileReference; lastKnownFileType = sourcecode.swift; path = VideoView.swift; sourceTree = "<group>"; };
		2FB73B1724041F55004A0A3A /* CourseAuthorView.swift */ = {isa = PBXFileReference; lastKnownFileType = sourcecode.swift; path = CourseAuthorView.swift; sourceTree = "<group>"; };
		3441CFBAAEC28BF348339BAA /* Pods-Tensend(new)Tests.release.xcconfig */ = {isa = PBXFileReference; includeInIndex = 1; lastKnownFileType = text.xcconfig; name = "Pods-Tensend(new)Tests.release.xcconfig"; path = "Target Support Files/Pods-Tensend(new)Tests/Pods-Tensend(new)Tests.release.xcconfig"; sourceTree = "<group>"; };
		9FEE3C11B2628762F667FC90 /* Pods_Tensend_new_.framework */ = {isa = PBXFileReference; explicitFileType = wrapper.framework; includeInIndex = 0; path = Pods_Tensend_new_.framework; sourceTree = BUILT_PRODUCTS_DIR; };
		A4F5CB3737D04107C58C01CC /* Pods_Tensend_new_Tests.framework */ = {isa = PBXFileReference; explicitFileType = wrapper.framework; includeInIndex = 0; path = Pods_Tensend_new_Tests.framework; sourceTree = BUILT_PRODUCTS_DIR; };
		AA30C19923E96E5F00617132 /* CheckCodePresenter.swift */ = {isa = PBXFileReference; lastKnownFileType = sourcecode.swift; path = CheckCodePresenter.swift; sourceTree = "<group>"; };
		AA30C19B23E9704100617132 /* CheckCodeView.swift */ = {isa = PBXFileReference; lastKnownFileType = sourcecode.swift; path = CheckCodeView.swift; sourceTree = "<group>"; };
		AA30C19C23E9704100617132 /* CheckCodeView.xib */ = {isa = PBXFileReference; lastKnownFileType = file.xib; path = CheckCodeView.xib; sourceTree = "<group>"; };
		AA3B5A77240AF8C1009AEEB3 /* ProfileVC.swift */ = {isa = PBXFileReference; lastKnownFileType = sourcecode.swift; path = ProfileVC.swift; sourceTree = "<group>"; };
		AA3B5A7A240C008A009AEEB3 /* ThreeButtons.swift */ = {isa = PBXFileReference; lastKnownFileType = sourcecode.swift; path = ThreeButtons.swift; sourceTree = "<group>"; };
		AA3B5A7C240C0997009AEEB3 /* SmallView.swift */ = {isa = PBXFileReference; lastKnownFileType = sourcecode.swift; path = SmallView.swift; sourceTree = "<group>"; };
		AA47C4CF23E95E4E003FA110 /* CustomDropdownCell.swift */ = {isa = PBXFileReference; lastKnownFileType = sourcecode.swift; path = CustomDropdownCell.swift; sourceTree = "<group>"; };
		AA47C4D023E95E4E003FA110 /* CustomDropdownCell.xib */ = {isa = PBXFileReference; lastKnownFileType = file.xib; path = CustomDropdownCell.xib; sourceTree = "<group>"; };
		AA77BD5E2404091D009BFFD0 /* MeditationRouter.swift */ = {isa = PBXFileReference; lastKnownFileType = sourcecode.swift; path = MeditationRouter.swift; sourceTree = "<group>"; };
		AA77BD602404094B009BFFD0 /* MeditaionBuilder.swift */ = {isa = PBXFileReference; lastKnownFileType = sourcecode.swift; path = MeditaionBuilder.swift; sourceTree = "<group>"; };
		AA77BD6324040BEA009BFFD0 /* MeditationPresenter.swift */ = {isa = PBXFileReference; lastKnownFileType = sourcecode.swift; path = MeditationPresenter.swift; sourceTree = "<group>"; };
		AA77BD6524040EDF009BFFD0 /* MeditationsView.swift */ = {isa = PBXFileReference; lastKnownFileType = sourcecode.swift; path = MeditationsView.swift; sourceTree = "<group>"; };
		AA77BD6824041EE4009BFFD0 /* MeditationEachView.swift */ = {isa = PBXFileReference; lastKnownFileType = sourcecode.swift; path = MeditationEachView.swift; sourceTree = "<group>"; };
		AA77BD6B24080236009BFFD0 /* SingleMeditationPresenter.swift */ = {isa = PBXFileReference; lastKnownFileType = sourcecode.swift; path = SingleMeditationPresenter.swift; sourceTree = "<group>"; };
		AA77BD6D240803F2009BFFD0 /* SingleMeditationView.swift */ = {isa = PBXFileReference; lastKnownFileType = sourcecode.swift; path = SingleMeditationView.swift; sourceTree = "<group>"; };
		AA77BD6E240803F2009BFFD0 /* SingleMeditationView.xib */ = {isa = PBXFileReference; lastKnownFileType = file.xib; path = SingleMeditationView.xib; sourceTree = "<group>"; };
		AA77BD72240961CE009BFFD0 /* AuthorsCollectionViewCell.swift */ = {isa = PBXFileReference; lastKnownFileType = sourcecode.swift; path = AuthorsCollectionViewCell.swift; sourceTree = "<group>"; };
		AA77BD73240961CE009BFFD0 /* AuthorsCollectionViewCell.xib */ = {isa = PBXFileReference; lastKnownFileType = file.xib; path = AuthorsCollectionViewCell.xib; sourceTree = "<group>"; };
		AA77BD7624096478009BFFD0 /* TokenHeaders.swift */ = {isa = PBXFileReference; lastKnownFileType = sourcecode.swift; path = TokenHeaders.swift; sourceTree = "<group>"; };
		AA91305F2416A691003FD915 /* SettingsVC.swift */ = {isa = PBXFileReference; lastKnownFileType = sourcecode.swift; path = SettingsVC.swift; sourceTree = "<group>"; };
		AA9130602416A691003FD915 /* SettingsVC.xib */ = {isa = PBXFileReference; lastKnownFileType = file.xib; path = SettingsVC.xib; sourceTree = "<group>"; };
		AA9130642416A772003FD915 /* SettingsTVC.swift */ = {isa = PBXFileReference; lastKnownFileType = sourcecode.swift; path = SettingsTVC.swift; sourceTree = "<group>"; };
		AA9130652416A772003FD915 /* SettingsTVC.xib */ = {isa = PBXFileReference; lastKnownFileType = file.xib; path = SettingsTVC.xib; sourceTree = "<group>"; };
		AA9130682416B113003FD915 /* ProfileSettingsVC.swift */ = {isa = PBXFileReference; lastKnownFileType = sourcecode.swift; path = ProfileSettingsVC.swift; sourceTree = "<group>"; };
		AA91306C2416B171003FD915 /* TextFieldView.swift */ = {isa = PBXFileReference; lastKnownFileType = sourcecode.swift; path = TextFieldView.swift; sourceTree = "<group>"; };
		AAB1300623EAFBE900D86BAC /* StandartResponse.swift */ = {isa = PBXFileReference; lastKnownFileType = sourcecode.swift; path = StandartResponse.swift; sourceTree = "<group>"; };
		AAB1302A23EC7D9500D86BAC /* CreatePasswordView.swift */ = {isa = PBXFileReference; lastKnownFileType = sourcecode.swift; path = CreatePasswordView.swift; sourceTree = "<group>"; };
		AAB1302B23EC7D9500D86BAC /* CreatePasswordView.xib */ = {isa = PBXFileReference; lastKnownFileType = file.xib; path = CreatePasswordView.xib; sourceTree = "<group>"; };
		AAB1302E23EC805E00D86BAC /* CreatePasswordPresenter.swift */ = {isa = PBXFileReference; lastKnownFileType = sourcecode.swift; path = CreatePasswordPresenter.swift; sourceTree = "<group>"; };
		AAB1303123ED5D7300D86BAC /* CreatePasscodeView.swift */ = {isa = PBXFileReference; lastKnownFileType = sourcecode.swift; path = CreatePasscodeView.swift; sourceTree = "<group>"; };
		AAB1303223ED5D7300D86BAC /* CreatePasscodeView.xib */ = {isa = PBXFileReference; lastKnownFileType = file.xib; path = CreatePasscodeView.xib; sourceTree = "<group>"; };
		AAB1303523ED5F0500D86BAC /* CreatePasscodePresenter.swift */ = {isa = PBXFileReference; lastKnownFileType = sourcecode.swift; path = CreatePasscodePresenter.swift; sourceTree = "<group>"; };
		AAB9B77923FC219C00314455 /* SignInView.swift */ = {isa = PBXFileReference; lastKnownFileType = sourcecode.swift; path = SignInView.swift; sourceTree = "<group>"; };
		AAB9B77D23FC2C3300314455 /* SIgnInPresenter.swift */ = {isa = PBXFileReference; lastKnownFileType = sourcecode.swift; path = SIgnInPresenter.swift; sourceTree = "<group>"; };
		AAB9B78024019CA500314455 /* ResetPasswordVC.swift */ = {isa = PBXFileReference; lastKnownFileType = sourcecode.swift; path = ResetPasswordVC.swift; sourceTree = "<group>"; };
		AAC3F89823FC1CD700537254 /* CorrectCodeView.swift */ = {isa = PBXFileReference; fileEncoding = 4; lastKnownFileType = sourcecode.swift; path = CorrectCodeView.swift; sourceTree = "<group>"; };
		AAC3F89B23FC1CE700537254 /* UserDefaults.swift */ = {isa = PBXFileReference; fileEncoding = 4; lastKnownFileType = sourcecode.swift; path = UserDefaults.swift; sourceTree = "<group>"; };
		AACC4DAC23E828310072F77D /* Country.swift */ = {isa = PBXFileReference; lastKnownFileType = sourcecode.swift; path = Country.swift; sourceTree = "<group>"; };
		AAD5DA7D23E169ED00D9F7D0 /* tsnb.app */ = {isa = PBXFileReference; explicitFileType = wrapper.application; includeInIndex = 0; path = tsnb.app; sourceTree = BUILT_PRODUCTS_DIR; };
		AAD5DA8023E169ED00D9F7D0 /* AppDelegate.swift */ = {isa = PBXFileReference; lastKnownFileType = sourcecode.swift; path = AppDelegate.swift; sourceTree = "<group>"; };
		AAD5DA8223E169ED00D9F7D0 /* SceneDelegate.swift */ = {isa = PBXFileReference; lastKnownFileType = sourcecode.swift; path = SceneDelegate.swift; sourceTree = "<group>"; };
		AAD5DA8423E169ED00D9F7D0 /* MainViewController.swift */ = {isa = PBXFileReference; lastKnownFileType = sourcecode.swift; path = MainViewController.swift; sourceTree = "<group>"; };
		AAD5DA8723E169ED00D9F7D0 /* Base */ = {isa = PBXFileReference; lastKnownFileType = file.storyboard; name = Base; path = Base.lproj/Main.storyboard; sourceTree = "<group>"; };
		AAD5DA8C23E169EE00D9F7D0 /* Base */ = {isa = PBXFileReference; lastKnownFileType = file.storyboard; name = Base; path = Base.lproj/LaunchScreen.storyboard; sourceTree = "<group>"; };
		AAD5DA8E23E169EE00D9F7D0 /* Info.plist */ = {isa = PBXFileReference; lastKnownFileType = text.plist.xml; path = Info.plist; sourceTree = "<group>"; };
		AAD5DA9323E169EF00D9F7D0 /* Tensend(new)Tests.xctest */ = {isa = PBXFileReference; explicitFileType = wrapper.cfbundle; includeInIndex = 0; path = "Tensend(new)Tests.xctest"; sourceTree = BUILT_PRODUCTS_DIR; };
		AAD5DA9723E169EF00D9F7D0 /* Tensend_new_Tests.swift */ = {isa = PBXFileReference; lastKnownFileType = sourcecode.swift; path = Tensend_new_Tests.swift; sourceTree = "<group>"; };
		AAD5DA9923E169EF00D9F7D0 /* Info.plist */ = {isa = PBXFileReference; lastKnownFileType = text.plist.xml; path = Info.plist; sourceTree = "<group>"; };
		AAD5DAA223E174B100D9F7D0 /* Assets.xcassets */ = {isa = PBXFileReference; lastKnownFileType = folder.assetcatalog; path = Assets.xcassets; sourceTree = "<group>"; };
		AAD5DAA623E1774000D9F7D0 /* Builder.swift */ = {isa = PBXFileReference; fileEncoding = 4; lastKnownFileType = sourcecode.swift; path = Builder.swift; sourceTree = "<group>"; };
		AAD5DAA723E1774000D9F7D0 /* Router.swift */ = {isa = PBXFileReference; fileEncoding = 4; lastKnownFileType = sourcecode.swift; path = Router.swift; sourceTree = "<group>"; };
		AAD5DAB323E1784F00D9F7D0 /* MainPresenter.swift */ = {isa = PBXFileReference; lastKnownFileType = sourcecode.swift; path = MainPresenter.swift; sourceTree = "<group>"; };
		AAE71B7A23E405DB00CAFA47 /* MainVC.swift */ = {isa = PBXFileReference; lastKnownFileType = sourcecode.swift; path = MainVC.swift; sourceTree = "<group>"; };
		AAE71B7B23E405DB00CAFA47 /* MainVC.xib */ = {isa = PBXFileReference; lastKnownFileType = file.xib; path = MainVC.xib; sourceTree = "<group>"; };
		AAE71B8923E4129D00CAFA47 /* NetworkLayout.swift */ = {isa = PBXFileReference; lastKnownFileType = sourcecode.swift; path = NetworkLayout.swift; sourceTree = "<group>"; };
		EAA3C1192A90A8A41CD4BB81 /* Pods-Tensend(new).debug.xcconfig */ = {isa = PBXFileReference; includeInIndex = 1; lastKnownFileType = text.xcconfig; name = "Pods-Tensend(new).debug.xcconfig"; path = "Target Support Files/Pods-Tensend(new)/Pods-Tensend(new).debug.xcconfig"; sourceTree = "<group>"; };
		ED1983BC29CCFC1ED6CA7B58 /* Pods-Tensend(new).release.xcconfig */ = {isa = PBXFileReference; includeInIndex = 1; lastKnownFileType = text.xcconfig; name = "Pods-Tensend(new).release.xcconfig"; path = "Target Support Files/Pods-Tensend(new)/Pods-Tensend(new).release.xcconfig"; sourceTree = "<group>"; };
/* End PBXFileReference section */

/* Begin PBXFrameworksBuildPhase section */
		AAD5DA7A23E169ED00D9F7D0 /* Frameworks */ = {
			isa = PBXFrameworksBuildPhase;
			buildActionMask = 2147483647;
			files = (
				CAD1B55D908B6BFCA02A070C /* Pods_Tensend_new_.framework in Frameworks */,
			);
			runOnlyForDeploymentPostprocessing = 0;
		};
		AAD5DA9023E169EF00D9F7D0 /* Frameworks */ = {
			isa = PBXFrameworksBuildPhase;
			buildActionMask = 2147483647;
			files = (
				69CACAC7F5AEA47A35CDCCA9 /* Pods_Tensend_new_Tests.framework in Frameworks */,
			);
			runOnlyForDeploymentPostprocessing = 0;
		};
/* End PBXFrameworksBuildPhase section */

/* Begin PBXGroup section */
		2F1BD5872401A942009E11B8 /* Courses objects */ = {
			isa = PBXGroup;
			children = (
				2FB28DFA240AEC7600D2270E /* Lesson.swift */,
				2FB28DFF240C1BC000D2270E /* Material.swift */,
				2F00396C240FFCCE000DE1A7 /* Document.swift */,
				2FB28DFE240C1BC000D2270E /* MaterialResponse.swift */,
			);
			path = "Courses objects";
			sourceTree = "<group>";
		};
		2F386EE123FC6BD70058579E /* Objects */ = {
			isa = PBXGroup;
			children = (
				2F386F2223FC6E710058579E /* Banner.swift */,
				2F1BD5882401AAB5009E11B8 /* Course.swift */,
				2F1BD58C2401AD63009E11B8 /* Author.swift */,
				2F1BD5892401AAB5009E11B8 /* ForMe.swift */,
				2F386F1C23FC6E700058579E /* BannersResponse.swift */,
				2F386F1D23FC6E700058579E /* CategoriesResponse.swift */,
				2F386F2023FC6E700058579E /* Category.swift */,
				2F386F1E23FC6E700058579E /* Data.swift */,
				2F386F2123FC6E710058579E /* Meditation.swift */,
				2F386F1F23FC6E700058579E /* MeditationsResponse.swift */,
			);
			name = Objects;
			path = "Tensend(new)/Home/Objects";
			sourceTree = SOURCE_ROOT;
		};
		2F60140123FED36A00D2A354 /* Courses */ = {
			isa = PBXGroup;
			children = (
				2F60140223FED38200D2A354 /* CoursesVC.swift */,
				2FB73B0F24040576004A0A3A /* CoursesListVC.swift */,
				2FB73B1124040CF3004A0A3A /* CoursesByCategoryVC.swift */,
				2FB73B1324041B70004A0A3A /* AboutCourseVC.swift */,
				2FB28DFC240C0F4F00D2270E /* SubjectVC.swift */,
				2F412E9724115FC9002B8B59 /* DocReaderVC.swift */,
				2F1BD5872401A942009E11B8 /* Courses objects */,
				2F60140423FED38B00D2A354 /* CoursesView */,
			);
			path = Courses;
			sourceTree = "<group>";
		};
		2F60140423FED38B00D2A354 /* CoursesView */ = {
			isa = PBXGroup;
			children = (
				2F60140523FED3A600D2A354 /* SearchView.swift */,
				2F85E1E2240D4C1400ABAF2C /* MaterialListView.swift */,
				2FB73B1524041BDD004A0A3A /* VideoView.swift */,
				2FB73B1724041F55004A0A3A /* CourseAuthorView.swift */,
				2F1BD58E2401B8CC009E11B8 /* AllCoursesListView.swift */,
				2F1BD5902401B9A9009E11B8 /* IconWithTitleView.swift */,
				2F1BD58324018C97009E11B8 /* BestCourses.swift */,
				2F1BD58524018F5D009E11B8 /* TwoButtons.swift */,
			);
			path = CoursesView;
			sourceTree = "<group>";
		};
		AA30C19823E96E4700617132 /* CheckCode */ = {
			isa = PBXGroup;
			children = (
				AA30C19923E96E5F00617132 /* CheckCodePresenter.swift */,
				AA30C19B23E9704100617132 /* CheckCodeView.swift */,
				AA30C19C23E9704100617132 /* CheckCodeView.xib */,
			);
			path = CheckCode;
			sourceTree = "<group>";
		};
		AA3B5A76240AF89D009AEEB3 /* Profile */ = {
			isa = PBXGroup;
			children = (
				AA9130632416A758003FD915 /* Cells */,
				AA91305E2416A66C003FD915 /* Settings */,
				AA3B5A79240C0070009AEEB3 /* Views */,
				AA3B5A77240AF8C1009AEEB3 /* ProfileVC.swift */,
			);
			path = Profile;
			sourceTree = "<group>";
		};
		AA3B5A79240C0070009AEEB3 /* Views */ = {
			isa = PBXGroup;
			children = (
				AA3B5A7A240C008A009AEEB3 /* ThreeButtons.swift */,
				AA3B5A7C240C0997009AEEB3 /* SmallView.swift */,
				AA91306C2416B171003FD915 /* TextFieldView.swift */,
			);
			path = Views;
			sourceTree = "<group>";
		};
		AA47C4CC23E95E1D003FA110 /* Cells */ = {
			isa = PBXGroup;
			children = (
				AA47C4CF23E95E4E003FA110 /* CustomDropdownCell.swift */,
				AA47C4D023E95E4E003FA110 /* CustomDropdownCell.xib */,
			);
			path = Cells;
			sourceTree = "<group>";
		};
		AA77BD5D240406DA009BFFD0 /* Meditation */ = {
			isa = PBXGroup;
			children = (
				AA77BD71240961B0009BFFD0 /* Cells */,
				AA77BD6A24080218009BFFD0 /* Meditation */,
				AA77BD6724041EBB009BFFD0 /* MeditationViews */,
				AA77BD6224040BD6009BFFD0 /* Main */,
				AA77BD5E2404091D009BFFD0 /* MeditationRouter.swift */,
				AA77BD602404094B009BFFD0 /* MeditaionBuilder.swift */,
			);
			path = Meditation;
			sourceTree = "<group>";
		};
		AA77BD6224040BD6009BFFD0 /* Main */ = {
			isa = PBXGroup;
			children = (
				AA77BD6524040EDF009BFFD0 /* MeditationsView.swift */,
				AA77BD6324040BEA009BFFD0 /* MeditationPresenter.swift */,
			);
			path = Main;
			sourceTree = "<group>";
		};
		AA77BD6724041EBB009BFFD0 /* MeditationViews */ = {
			isa = PBXGroup;
			children = (
				AA77BD6824041EE4009BFFD0 /* MeditationEachView.swift */,
			);
			path = MeditationViews;
			sourceTree = "<group>";
		};
		AA77BD6A24080218009BFFD0 /* Meditation */ = {
			isa = PBXGroup;
			children = (
				AA77BD6B24080236009BFFD0 /* SingleMeditationPresenter.swift */,
				AA77BD6D240803F2009BFFD0 /* SingleMeditationView.swift */,
				AA77BD6E240803F2009BFFD0 /* SingleMeditationView.xib */,
			);
			path = Meditation;
			sourceTree = "<group>";
		};
		AA77BD71240961B0009BFFD0 /* Cells */ = {
			isa = PBXGroup;
			children = (
				AA77BD72240961CE009BFFD0 /* AuthorsCollectionViewCell.swift */,
				AA77BD73240961CE009BFFD0 /* AuthorsCollectionViewCell.xib */,
			);
			path = Cells;
			sourceTree = "<group>";
		};
		AA91305E2416A66C003FD915 /* Settings */ = {
			isa = PBXGroup;
			children = (
				AA91305F2416A691003FD915 /* SettingsVC.swift */,
				AA9130602416A691003FD915 /* SettingsVC.xib */,
				AA9130682416B113003FD915 /* ProfileSettingsVC.swift */,
			);
			path = Settings;
			sourceTree = "<group>";
		};
		AA9130632416A758003FD915 /* Cells */ = {
			isa = PBXGroup;
			children = (
				AA9130642416A772003FD915 /* SettingsTVC.swift */,
				AA9130652416A772003FD915 /* SettingsTVC.xib */,
			);
			path = Cells;
			sourceTree = "<group>";
		};
		AAB1301223EB0D0E00D86BAC /* Home */ = {
			isa = PBXGroup;
			children = (
				2F386EDE23FC6B6F0058579E /* HomeRequests.swift */,
				2F386EFC23FC6CD40058579E /* HomeVC.swift */,
				2F386EE123FC6BD70058579E /* Objects */,
				AAB1301423EB0D0E00D86BAC /* Home Views */,
			);
			name = Home;
			path = ../../iOS/Tensend/Tensend/Home;
			sourceTree = "<group>";
		};
		AAB1301423EB0D0E00D86BAC /* Home Views */ = {
			isa = PBXGroup;
			children = (
				2F386EEE23FC6C6E0058579E /* CategoriesView.swift */,
				2F386EF223FC6C6E0058579E /* EachCourse.swift */,
				2F386EF323FC6C6E0058579E /* FirstBannerView.swift */,
				2F386EF023FC6C6E0058579E /* ForYou.swift */,
				2F386EEF23FC6C6E0058579E /* MeditationView.swift */,
				2F386EF423FC6C6E0058579E /* MyCourses.swift */,
				2F386EF123FC6C6E0058579E /* SectionsName.swift */,
			);
			path = "Home Views";
			sourceTree = "<group>";
		};
		AAB1301E23EB0D1800D86BAC /* CollectionViewCells */ = {
			isa = PBXGroup;
			children = (
				2F386F0023FC6D8C0058579E /* ForYouCVC.swift */,
				2F386F0323FC6D8D0058579E /* ForYouCVC.xib */,
				2F386F0123FC6D8D0058579E /* ImagesWithTitleCVC.swift */,
				2F386EFF23FC6D8C0058579E /* ImagesWithTitleCVC.xib */,
				2F386F0223FC6D8D0058579E /* MeditationCVC.swift */,
				2F386EFE23FC6D8C0058579E /* MeditationCVC.xib */,
				2F386F0423FC6D8D0058579E /* OnlyImageCVC.swift */,
			);
			name = CollectionViewCells;
			path = ../../iOS/Tensend/Tensend/CollectionViewCells;
			sourceTree = "<group>";
		};
		AAB1302923EC7D7100D86BAC /* CreatePassword */ = {
			isa = PBXGroup;
			children = (
				AAB1302A23EC7D9500D86BAC /* CreatePasswordView.swift */,
				AAB1302B23EC7D9500D86BAC /* CreatePasswordView.xib */,
				AAB1302E23EC805E00D86BAC /* CreatePasswordPresenter.swift */,
			);
			path = CreatePassword;
			sourceTree = "<group>";
		};
		AAB1303023ED5D5500D86BAC /* CreatePasscode */ = {
			isa = PBXGroup;
			children = (
				AAB1303123ED5D7300D86BAC /* CreatePasscodeView.swift */,
				AAB1303223ED5D7300D86BAC /* CreatePasscodeView.xib */,
				AAB1303523ED5F0500D86BAC /* CreatePasscodePresenter.swift */,
			);
			path = CreatePasscode;
			sourceTree = "<group>";
		};
		AAB9B77823FC1F0F00314455 /* Sign In */ = {
			isa = PBXGroup;
			children = (
				AAB9B77923FC219C00314455 /* SignInView.swift */,
				AAB9B77D23FC2C3300314455 /* SIgnInPresenter.swift */,
			);
			path = "Sign In";
			sourceTree = "<group>";
		};
		AAB9B77F24019B3900314455 /* ResetPassword */ = {
			isa = PBXGroup;
			children = (
				AAB9B78024019CA500314455 /* ResetPasswordVC.swift */,
			);
			path = ResetPassword;
			sourceTree = "<group>";
		};
		AAC3F89723FC1CD700537254 /* Additional Views */ = {
			isa = PBXGroup;
			children = (
				AAC3F89823FC1CD700537254 /* CorrectCodeView.swift */,
			);
			path = "Additional Views";
			sourceTree = "<group>";
		};
		AAC3F89A23FC1CE700537254 /* UserDefaults */ = {
			isa = PBXGroup;
			children = (
				AAC3F89B23FC1CE700537254 /* UserDefaults.swift */,
			);
			path = UserDefaults;
			sourceTree = "<group>";
		};
		AACC4DAB23E828240072F77D /* Models */ = {
			isa = PBXGroup;
			children = (
				AACC4DAC23E828310072F77D /* Country.swift */,
				AAB1300623EAFBE900D86BAC /* StandartResponse.swift */,
			);
			path = Models;
			sourceTree = "<group>";
		};
		AAD5DA7423E169ED00D9F7D0 = {
			isa = PBXGroup;
			children = (
				AAD5DA7F23E169ED00D9F7D0 /* Tensend(new) */,
				AAD5DA9623E169EF00D9F7D0 /* Tensend(new)Tests */,
				AAD5DA7E23E169ED00D9F7D0 /* Products */,
				EF5ADEB4E439FDF19187504B /* Pods */,
				DC0D7A50D1B49646D1C5E3F6 /* Frameworks */,
			);
			sourceTree = "<group>";
		};
		AAD5DA7E23E169ED00D9F7D0 /* Products */ = {
			isa = PBXGroup;
			children = (
				AAD5DA7D23E169ED00D9F7D0 /* tsnb.app */,
				AAD5DA9323E169EF00D9F7D0 /* Tensend(new)Tests.xctest */,
			);
			name = Products;
			sourceTree = "<group>";
		};
		AAD5DA7F23E169ED00D9F7D0 /* Tensend(new) */ = {
			isa = PBXGroup;
			children = (
				AA3B5A76240AF89D009AEEB3 /* Profile */,
				AA77BD5D240406DA009BFFD0 /* Meditation */,
				AAE71B8023E40FC800CAFA47 /* Extensions */,
				AAD5DAAA23E177AD00D9F7D0 /* Auth */,
				AAD5DA8023E169ED00D9F7D0 /* AppDelegate.swift */,
				AAD5DA8223E169ED00D9F7D0 /* SceneDelegate.swift */,
				AAD5DA8423E169ED00D9F7D0 /* MainViewController.swift */,
				2FB73B0D24040488004A0A3A /* TabbarViewController.swift */,
				AAD5DA8B23E169EE00D9F7D0 /* LaunchScreen.storyboard */,
				AAD5DA8623E169ED00D9F7D0 /* Main.storyboard */,
				2F60140123FED36A00D2A354 /* Courses */,
				AAB1301223EB0D0E00D86BAC /* Home */,
				AAB1301E23EB0D1800D86BAC /* CollectionViewCells */,
				AAD5DA8E23E169EE00D9F7D0 /* Info.plist */,
				AAD5DAA223E174B100D9F7D0 /* Assets.xcassets */,
				AA77BD7624096478009BFFD0 /* TokenHeaders.swift */,
			);
			path = "Tensend(new)";
			sourceTree = "<group>";
		};
		AAD5DA9623E169EF00D9F7D0 /* Tensend(new)Tests */ = {
			isa = PBXGroup;
			children = (
				AAD5DA9723E169EF00D9F7D0 /* Tensend_new_Tests.swift */,
				AAD5DA9923E169EF00D9F7D0 /* Info.plist */,
			);
			path = "Tensend(new)Tests";
			sourceTree = "<group>";
		};
		AAD5DAAA23E177AD00D9F7D0 /* Auth */ = {
			isa = PBXGroup;
			children = (
				AAD5DAA723E1774000D9F7D0 /* Router.swift */,
				AAD5DAA623E1774000D9F7D0 /* Builder.swift */,
				AAE71B8923E4129D00CAFA47 /* NetworkLayout.swift */,
				AAB9B77F24019B3900314455 /* ResetPassword */,
				AAB9B77823FC1F0F00314455 /* Sign In */,
				AAC3F89A23FC1CE700537254 /* UserDefaults */,
				AAC3F89723FC1CD700537254 /* Additional Views */,
				AAB1303023ED5D5500D86BAC /* CreatePasscode */,
				AAB1302923EC7D7100D86BAC /* CreatePassword */,
				AA30C19823E96E4700617132 /* CheckCode */,
				AA47C4CC23E95E1D003FA110 /* Cells */,
				AACC4DAB23E828240072F77D /* Models */,
				AAD5DAAB23E177B400D9F7D0 /* Main */,
			);
			path = Auth;
			sourceTree = "<group>";
		};
		AAD5DAAB23E177B400D9F7D0 /* Main */ = {
			isa = PBXGroup;
			children = (
				AAD5DAB323E1784F00D9F7D0 /* MainPresenter.swift */,
				AAE71B7A23E405DB00CAFA47 /* MainVC.swift */,
				AAE71B7B23E405DB00CAFA47 /* MainVC.xib */,
			);
			path = Main;
			sourceTree = "<group>";
		};
		AAE71B8023E40FC800CAFA47 /* Extensions */ = {
			isa = PBXGroup;
			children = (
				2F386F1323FC6DE70058579E /* Colors.swift */,
				2F386F1223FC6DE70058579E /* LabelExtensions.swift */,
				2F386F0F23FC6DE60058579E /* ScrollStackController.swift */,
				2F386F1123FC6DE70058579E /* StackViewExtensions.swift */,
				2F386F0D23FC6DE60058579E /* StringExtension.swift */,
				2F386F0E23FC6DE60058579E /* UIViewExtensions.swift */,
				2F386F0C23FC6DE60058579E /* ViewControllerExtension.swift */,
				2F386F1023FC6DE70058579E /* ViewExtensions.swift */,
			);
			path = Extensions;
			sourceTree = "<group>";
		};
		DC0D7A50D1B49646D1C5E3F6 /* Frameworks */ = {
			isa = PBXGroup;
			children = (
				9FEE3C11B2628762F667FC90 /* Pods_Tensend_new_.framework */,
				A4F5CB3737D04107C58C01CC /* Pods_Tensend_new_Tests.framework */,
			);
			name = Frameworks;
			sourceTree = "<group>";
		};
		EF5ADEB4E439FDF19187504B /* Pods */ = {
			isa = PBXGroup;
			children = (
				EAA3C1192A90A8A41CD4BB81 /* Pods-Tensend(new).debug.xcconfig */,
				ED1983BC29CCFC1ED6CA7B58 /* Pods-Tensend(new).release.xcconfig */,
				0E62ED0DA18E2558035BEAEA /* Pods-Tensend(new)Tests.debug.xcconfig */,
				3441CFBAAEC28BF348339BAA /* Pods-Tensend(new)Tests.release.xcconfig */,
			);
			path = Pods;
			sourceTree = "<group>";
		};
/* End PBXGroup section */

/* Begin PBXNativeTarget section */
		AAD5DA7C23E169ED00D9F7D0 /* Tensend(new) */ = {
			isa = PBXNativeTarget;
			buildConfigurationList = AAD5DA9C23E169EF00D9F7D0 /* Build configuration list for PBXNativeTarget "Tensend(new)" */;
			buildPhases = (
				2374ADA36B305760A8DDA47C /* [CP] Check Pods Manifest.lock */,
				AAD5DA7923E169ED00D9F7D0 /* Sources */,
				AAD5DA7A23E169ED00D9F7D0 /* Frameworks */,
				AAD5DA7B23E169ED00D9F7D0 /* Resources */,
				C2D8F4A6B857BEE6BBB60698 /* [CP] Embed Pods Frameworks */,
			);
			buildRules = (
			);
			dependencies = (
			);
			name = "Tensend(new)";
			productName = "Tensend(new)";
			productReference = AAD5DA7D23E169ED00D9F7D0 /* tsnb.app */;
			productType = "com.apple.product-type.application";
		};
		AAD5DA9223E169EF00D9F7D0 /* Tensend(new)Tests */ = {
			isa = PBXNativeTarget;
			buildConfigurationList = AAD5DA9F23E169EF00D9F7D0 /* Build configuration list for PBXNativeTarget "Tensend(new)Tests" */;
			buildPhases = (
				58A5ABBC283776CF359161C2 /* [CP] Check Pods Manifest.lock */,
				AAD5DA8F23E169EF00D9F7D0 /* Sources */,
				AAD5DA9023E169EF00D9F7D0 /* Frameworks */,
				AAD5DA9123E169EF00D9F7D0 /* Resources */,
			);
			buildRules = (
			);
			dependencies = (
				AAD5DA9523E169EF00D9F7D0 /* PBXTargetDependency */,
			);
			name = "Tensend(new)Tests";
			productName = "Tensend(new)Tests";
			productReference = AAD5DA9323E169EF00D9F7D0 /* Tensend(new)Tests.xctest */;
			productType = "com.apple.product-type.bundle.unit-test";
		};
/* End PBXNativeTarget section */

/* Begin PBXProject section */
		AAD5DA7523E169ED00D9F7D0 /* Project object */ = {
			isa = PBXProject;
			attributes = {
				LastSwiftUpdateCheck = 1130;
				LastUpgradeCheck = 1130;
				ORGANIZATIONNAME = adibek;
				TargetAttributes = {
					AAD5DA7C23E169ED00D9F7D0 = {
						CreatedOnToolsVersion = 11.3.1;
					};
					AAD5DA9223E169EF00D9F7D0 = {
						CreatedOnToolsVersion = 11.3.1;
						TestTargetID = AAD5DA7C23E169ED00D9F7D0;
					};
				};
			};
			buildConfigurationList = AAD5DA7823E169ED00D9F7D0 /* Build configuration list for PBXProject "Tensend(new)" */;
			compatibilityVersion = "Xcode 9.3";
			developmentRegion = en;
			hasScannedForEncodings = 0;
			knownRegions = (
				en,
				Base,
			);
			mainGroup = AAD5DA7423E169ED00D9F7D0;
			productRefGroup = AAD5DA7E23E169ED00D9F7D0 /* Products */;
			projectDirPath = "";
			projectRoot = "";
			targets = (
				AAD5DA7C23E169ED00D9F7D0 /* Tensend(new) */,
				AAD5DA9223E169EF00D9F7D0 /* Tensend(new)Tests */,
			);
		};
/* End PBXProject section */

/* Begin PBXResourcesBuildPhase section */
		AAD5DA7B23E169ED00D9F7D0 /* Resources */ = {
			isa = PBXResourcesBuildPhase;
			buildActionMask = 2147483647;
			files = (
				AA77BD70240803F2009BFFD0 /* SingleMeditationView.xib in Resources */,
				AA77BD75240961CE009BFFD0 /* AuthorsCollectionViewCell.xib in Resources */,
				AAE71B7D23E405DB00CAFA47 /* MainVC.xib in Resources */,
				AAD5DA8D23E169EE00D9F7D0 /* LaunchScreen.storyboard in Resources */,
				AA47C4D223E95E4E003FA110 /* CustomDropdownCell.xib in Resources */,
				AA9130672416A772003FD915 /* SettingsTVC.xib in Resources */,
				2F386F0A23FC6D8D0058579E /* ForYouCVC.xib in Resources */,
				2F386F0623FC6D8D0058579E /* ImagesWithTitleCVC.xib in Resources */,
				AAD5DAA323E174B100D9F7D0 /* Assets.xcassets in Resources */,
				AA30C19E23E9704100617132 /* CheckCodeView.xib in Resources */,
				AAD5DA8823E169ED00D9F7D0 /* Main.storyboard in Resources */,
				2F386F0523FC6D8D0058579E /* MeditationCVC.xib in Resources */,
				AA9130622416A691003FD915 /* SettingsVC.xib in Resources */,
				AAB1303423ED5D7300D86BAC /* CreatePasscodeView.xib in Resources */,
				AAB1302D23EC7D9500D86BAC /* CreatePasswordView.xib in Resources */,
			);
			runOnlyForDeploymentPostprocessing = 0;
		};
		AAD5DA9123E169EF00D9F7D0 /* Resources */ = {
			isa = PBXResourcesBuildPhase;
			buildActionMask = 2147483647;
			files = (
			);
			runOnlyForDeploymentPostprocessing = 0;
		};
/* End PBXResourcesBuildPhase section */

/* Begin PBXShellScriptBuildPhase section */
		2374ADA36B305760A8DDA47C /* [CP] Check Pods Manifest.lock */ = {
			isa = PBXShellScriptBuildPhase;
			buildActionMask = 2147483647;
			files = (
			);
			inputFileListPaths = (
			);
			inputPaths = (
				"${PODS_PODFILE_DIR_PATH}/Podfile.lock",
				"${PODS_ROOT}/Manifest.lock",
			);
			name = "[CP] Check Pods Manifest.lock";
			outputFileListPaths = (
			);
			outputPaths = (
				"$(DERIVED_FILE_DIR)/Pods-Tensend(new)-checkManifestLockResult.txt",
			);
			runOnlyForDeploymentPostprocessing = 0;
			shellPath = /bin/sh;
			shellScript = "diff \"${PODS_PODFILE_DIR_PATH}/Podfile.lock\" \"${PODS_ROOT}/Manifest.lock\" > /dev/null\nif [ $? != 0 ] ; then\n    # print error to STDERR\n    echo \"error: The sandbox is not in sync with the Podfile.lock. Run 'pod install' or update your CocoaPods installation.\" >&2\n    exit 1\nfi\n# This output is used by Xcode 'outputs' to avoid re-running this script phase.\necho \"SUCCESS\" > \"${SCRIPT_OUTPUT_FILE_0}\"\n";
			showEnvVarsInLog = 0;
		};
		58A5ABBC283776CF359161C2 /* [CP] Check Pods Manifest.lock */ = {
			isa = PBXShellScriptBuildPhase;
			buildActionMask = 2147483647;
			files = (
			);
			inputFileListPaths = (
			);
			inputPaths = (
				"${PODS_PODFILE_DIR_PATH}/Podfile.lock",
				"${PODS_ROOT}/Manifest.lock",
			);
			name = "[CP] Check Pods Manifest.lock";
			outputFileListPaths = (
			);
			outputPaths = (
				"$(DERIVED_FILE_DIR)/Pods-Tensend(new)Tests-checkManifestLockResult.txt",
			);
			runOnlyForDeploymentPostprocessing = 0;
			shellPath = /bin/sh;
			shellScript = "diff \"${PODS_PODFILE_DIR_PATH}/Podfile.lock\" \"${PODS_ROOT}/Manifest.lock\" > /dev/null\nif [ $? != 0 ] ; then\n    # print error to STDERR\n    echo \"error: The sandbox is not in sync with the Podfile.lock. Run 'pod install' or update your CocoaPods installation.\" >&2\n    exit 1\nfi\n# This output is used by Xcode 'outputs' to avoid re-running this script phase.\necho \"SUCCESS\" > \"${SCRIPT_OUTPUT_FILE_0}\"\n";
			showEnvVarsInLog = 0;
		};
		C2D8F4A6B857BEE6BBB60698 /* [CP] Embed Pods Frameworks */ = {
			isa = PBXShellScriptBuildPhase;
			buildActionMask = 2147483647;
			files = (
			);
			inputFileListPaths = (
				"${PODS_ROOT}/Target Support Files/Pods-Tensend(new)/Pods-Tensend(new)-frameworks-${CONFIGURATION}-input-files.xcfilelist",
			);
			name = "[CP] Embed Pods Frameworks";
			outputFileListPaths = (
				"${PODS_ROOT}/Target Support Files/Pods-Tensend(new)/Pods-Tensend(new)-frameworks-${CONFIGURATION}-output-files.xcfilelist",
			);
			runOnlyForDeploymentPostprocessing = 0;
			shellPath = /bin/sh;
			shellScript = "\"${PODS_ROOT}/Target Support Files/Pods-Tensend(new)/Pods-Tensend(new)-frameworks.sh\"\n";
			showEnvVarsInLog = 0;
		};
/* End PBXShellScriptBuildPhase section */

/* Begin PBXSourcesBuildPhase section */
		AAD5DA7923E169ED00D9F7D0 /* Sources */ = {
			isa = PBXSourcesBuildPhase;
			buildActionMask = 2147483647;
			files = (
				2F412E9824115FC9002B8B59 /* DocReaderVC.swift in Sources */,
				AA77BD6F240803F2009BFFD0 /* SingleMeditationView.swift in Sources */,
				2F1BD58A2401AAB6009E11B8 /* Course.swift in Sources */,
				AA30C19D23E9704100617132 /* CheckCodeView.swift in Sources */,
				AA9130612416A691003FD915 /* SettingsVC.swift in Sources */,
				AAB9B78124019CA500314455 /* ResetPasswordVC.swift in Sources */,
				2F386F0823FC6D8D0058579E /* ImagesWithTitleCVC.swift in Sources */,
				AA77BD5F2404091D009BFFD0 /* MeditationRouter.swift in Sources */,
				2F386F0B23FC6D8D0058579E /* OnlyImageCVC.swift in Sources */,
				2FB73B1424041B70004A0A3A /* AboutCourseVC.swift in Sources */,
				AAD5DA8523E169ED00D9F7D0 /* MainViewController.swift in Sources */,
				2FB73B1824041F55004A0A3A /* CourseAuthorView.swift in Sources */,
				AAC3F89923FC1CD700537254 /* CorrectCodeView.swift in Sources */,
				AAB1300723EAFBE900D86BAC /* StandartResponse.swift in Sources */,
				2FB73B0E24040488004A0A3A /* TabbarViewController.swift in Sources */,
				AACC4DAD23E828310072F77D /* Country.swift in Sources */,
				2F386F1B23FC6DE70058579E /* Colors.swift in Sources */,
				2F386EDF23FC6B6F0058579E /* HomeRequests.swift in Sources */,
				2F386EFD23FC6CD40058579E /* HomeVC.swift in Sources */,
				2FB28DFD240C0F4F00D2270E /* SubjectVC.swift in Sources */,
				2FB73B1024040576004A0A3A /* CoursesListVC.swift in Sources */,
				AAB1303323ED5D7300D86BAC /* CreatePasscodeView.swift in Sources */,
				AAB9B77B23FC219C00314455 /* SignInView.swift in Sources */,
				AA30C19A23E96E5F00617132 /* CheckCodePresenter.swift in Sources */,
				AAB9B77E23FC2C3300314455 /* SIgnInPresenter.swift in Sources */,
				AAB1303623ED5F0500D86BAC /* CreatePasscodePresenter.swift in Sources */,
				AA91306D2416B171003FD915 /* TextFieldView.swift in Sources */,
				2F386F1723FC6DE70058579E /* ScrollStackController.swift in Sources */,
				2F1BD58624018F5D009E11B8 /* TwoButtons.swift in Sources */,
				2F386F2523FC6E710058579E /* Data.swift in Sources */,
				2FB28E00240C1BC000D2270E /* MaterialResponse.swift in Sources */,
				AAB1302F23EC805E00D86BAC /* CreatePasswordPresenter.swift in Sources */,
				2F386F0723FC6D8D0058579E /* ForYouCVC.swift in Sources */,
				2FB73B1224040CF3004A0A3A /* CoursesByCategoryVC.swift in Sources */,
				2F386EF923FC6C6E0058579E /* EachCourse.swift in Sources */,
				AA3B5A78240AF8C1009AEEB3 /* ProfileVC.swift in Sources */,
				AA3B5A7B240C008A009AEEB3 /* ThreeButtons.swift in Sources */,
				AAD5DA8123E169ED00D9F7D0 /* AppDelegate.swift in Sources */,
				AAD5DAA923E1774000D9F7D0 /* Router.swift in Sources */,
				2F386F1823FC6DE70058579E /* ViewExtensions.swift in Sources */,
				2F386F1A23FC6DE70058579E /* LabelExtensions.swift in Sources */,
				2F1BD58D2401AD63009E11B8 /* Author.swift in Sources */,
				2F386F1623FC6DE70058579E /* UIViewExtensions.swift in Sources */,
				2F386F1923FC6DE70058579E /* StackViewExtensions.swift in Sources */,
				2F386F2323FC6E710058579E /* BannersResponse.swift in Sources */,
<<<<<<< HEAD
				AA3B5A7D240C0997009AEEB3 /* SmallView.swift in Sources */,
=======
				2F00396D240FFCCE000DE1A7 /* Document.swift in Sources */,
>>>>>>> Courses
				AAC3F89C23FC1CE700537254 /* UserDefaults.swift in Sources */,
				2F386EF723FC6C6E0058579E /* ForYou.swift in Sources */,
				2F386F2823FC6E710058579E /* Meditation.swift in Sources */,
				2F386F2923FC6E710058579E /* Banner.swift in Sources */,
				2F386EFA23FC6C6E0058579E /* FirstBannerView.swift in Sources */,
				AA47C4D123E95E4E003FA110 /* CustomDropdownCell.swift in Sources */,
				AA77BD6C24080236009BFFD0 /* SingleMeditationPresenter.swift in Sources */,
				AA77BD74240961CE009BFFD0 /* AuthorsCollectionViewCell.swift in Sources */,
				AA91306A2416B113003FD915 /* ProfileSettingsVC.swift in Sources */,
				2F386EFB23FC6C6E0058579E /* MyCourses.swift in Sources */,
				2F386F1423FC6DE70058579E /* ViewControllerExtension.swift in Sources */,
				2F1BD5912401B9A9009E11B8 /* IconWithTitleView.swift in Sources */,
				AA77BD6424040BEA009BFFD0 /* MeditationPresenter.swift in Sources */,
				AA77BD612404094B009BFFD0 /* MeditaionBuilder.swift in Sources */,
				2F386F2623FC6E710058579E /* MeditationsResponse.swift in Sources */,
				AAD5DA8323E169ED00D9F7D0 /* SceneDelegate.swift in Sources */,
				AAE71B7C23E405DB00CAFA47 /* MainVC.swift in Sources */,
				AA9130662416A772003FD915 /* SettingsTVC.swift in Sources */,
				2F1BD58F2401B8CC009E11B8 /* AllCoursesListView.swift in Sources */,
				AAD5DAB423E1784F00D9F7D0 /* MainPresenter.swift in Sources */,
				2F386EF623FC6C6E0058579E /* MeditationView.swift in Sources */,
				AA77BD6924041EE4009BFFD0 /* MeditationEachView.swift in Sources */,
				2F60140623FED3A600D2A354 /* SearchView.swift in Sources */,
				2F386F2723FC6E710058579E /* Category.swift in Sources */,
				2FB28DFB240AEC7600D2270E /* Lesson.swift in Sources */,
				2F60140323FED38200D2A354 /* CoursesVC.swift in Sources */,
				2F386EF523FC6C6E0058579E /* CategoriesView.swift in Sources */,
				AAE71B8A23E4129D00CAFA47 /* NetworkLayout.swift in Sources */,
				2F386F2423FC6E710058579E /* CategoriesResponse.swift in Sources */,
				2F1BD58424018C97009E11B8 /* BestCourses.swift in Sources */,
				2F386F0923FC6D8D0058579E /* MeditationCVC.swift in Sources */,
				AA77BD6624040EDF009BFFD0 /* MeditationsView.swift in Sources */,
				2F85E1E3240D4C1400ABAF2C /* MaterialListView.swift in Sources */,
				2FB28E01240C1BC000D2270E /* Material.swift in Sources */,
				2F386F1523FC6DE70058579E /* StringExtension.swift in Sources */,
				AA77BD7724096478009BFFD0 /* TokenHeaders.swift in Sources */,
				2F1BD58B2401AAB6009E11B8 /* ForMe.swift in Sources */,
				2FB73B1624041BDD004A0A3A /* VideoView.swift in Sources */,
				2F386EF823FC6C6E0058579E /* SectionsName.swift in Sources */,
				AAD5DAA823E1774000D9F7D0 /* Builder.swift in Sources */,
				AAB1302C23EC7D9500D86BAC /* CreatePasswordView.swift in Sources */,
			);
			runOnlyForDeploymentPostprocessing = 0;
		};
		AAD5DA8F23E169EF00D9F7D0 /* Sources */ = {
			isa = PBXSourcesBuildPhase;
			buildActionMask = 2147483647;
			files = (
				AAD5DA9823E169EF00D9F7D0 /* Tensend_new_Tests.swift in Sources */,
			);
			runOnlyForDeploymentPostprocessing = 0;
		};
/* End PBXSourcesBuildPhase section */

/* Begin PBXTargetDependency section */
		AAD5DA9523E169EF00D9F7D0 /* PBXTargetDependency */ = {
			isa = PBXTargetDependency;
			target = AAD5DA7C23E169ED00D9F7D0 /* Tensend(new) */;
			targetProxy = AAD5DA9423E169EF00D9F7D0 /* PBXContainerItemProxy */;
		};
/* End PBXTargetDependency section */

/* Begin PBXVariantGroup section */
		AAD5DA8623E169ED00D9F7D0 /* Main.storyboard */ = {
			isa = PBXVariantGroup;
			children = (
				AAD5DA8723E169ED00D9F7D0 /* Base */,
			);
			name = Main.storyboard;
			sourceTree = "<group>";
		};
		AAD5DA8B23E169EE00D9F7D0 /* LaunchScreen.storyboard */ = {
			isa = PBXVariantGroup;
			children = (
				AAD5DA8C23E169EE00D9F7D0 /* Base */,
			);
			name = LaunchScreen.storyboard;
			sourceTree = "<group>";
		};
/* End PBXVariantGroup section */

/* Begin XCBuildConfiguration section */
		AAD5DA9A23E169EF00D9F7D0 /* Debug */ = {
			isa = XCBuildConfiguration;
			buildSettings = {
				ALWAYS_SEARCH_USER_PATHS = NO;
				CLANG_ANALYZER_NONNULL = YES;
				CLANG_ANALYZER_NUMBER_OBJECT_CONVERSION = YES_AGGRESSIVE;
				CLANG_CXX_LANGUAGE_STANDARD = "gnu++14";
				CLANG_CXX_LIBRARY = "libc++";
				CLANG_ENABLE_MODULES = YES;
				CLANG_ENABLE_OBJC_ARC = YES;
				CLANG_ENABLE_OBJC_WEAK = YES;
				CLANG_WARN_BLOCK_CAPTURE_AUTORELEASING = YES;
				CLANG_WARN_BOOL_CONVERSION = YES;
				CLANG_WARN_COMMA = YES;
				CLANG_WARN_CONSTANT_CONVERSION = YES;
				CLANG_WARN_DEPRECATED_OBJC_IMPLEMENTATIONS = YES;
				CLANG_WARN_DIRECT_OBJC_ISA_USAGE = YES_ERROR;
				CLANG_WARN_DOCUMENTATION_COMMENTS = YES;
				CLANG_WARN_EMPTY_BODY = YES;
				CLANG_WARN_ENUM_CONVERSION = YES;
				CLANG_WARN_INFINITE_RECURSION = YES;
				CLANG_WARN_INT_CONVERSION = YES;
				CLANG_WARN_NON_LITERAL_NULL_CONVERSION = YES;
				CLANG_WARN_OBJC_IMPLICIT_RETAIN_SELF = YES;
				CLANG_WARN_OBJC_LITERAL_CONVERSION = YES;
				CLANG_WARN_OBJC_ROOT_CLASS = YES_ERROR;
				CLANG_WARN_RANGE_LOOP_ANALYSIS = YES;
				CLANG_WARN_STRICT_PROTOTYPES = YES;
				CLANG_WARN_SUSPICIOUS_MOVE = YES;
				CLANG_WARN_UNGUARDED_AVAILABILITY = YES_AGGRESSIVE;
				CLANG_WARN_UNREACHABLE_CODE = YES;
				CLANG_WARN__DUPLICATE_METHOD_MATCH = YES;
				COPY_PHASE_STRIP = NO;
				DEBUG_INFORMATION_FORMAT = dwarf;
				ENABLE_STRICT_OBJC_MSGSEND = YES;
				ENABLE_TESTABILITY = YES;
				GCC_C_LANGUAGE_STANDARD = gnu11;
				GCC_DYNAMIC_NO_PIC = NO;
				GCC_NO_COMMON_BLOCKS = YES;
				GCC_OPTIMIZATION_LEVEL = 0;
				GCC_PREPROCESSOR_DEFINITIONS = (
					"DEBUG=1",
					"$(inherited)",
				);
				GCC_WARN_64_TO_32_BIT_CONVERSION = YES;
				GCC_WARN_ABOUT_RETURN_TYPE = YES_ERROR;
				GCC_WARN_UNDECLARED_SELECTOR = YES;
				GCC_WARN_UNINITIALIZED_AUTOS = YES_AGGRESSIVE;
				GCC_WARN_UNUSED_FUNCTION = YES;
				GCC_WARN_UNUSED_VARIABLE = YES;
				IPHONEOS_DEPLOYMENT_TARGET = 11.0;
				MTL_ENABLE_DEBUG_INFO = INCLUDE_SOURCE;
				MTL_FAST_MATH = YES;
				ONLY_ACTIVE_ARCH = YES;
				SDKROOT = iphoneos;
				SWIFT_ACTIVE_COMPILATION_CONDITIONS = DEBUG;
				SWIFT_OPTIMIZATION_LEVEL = "-Onone";
			};
			name = Debug;
		};
		AAD5DA9B23E169EF00D9F7D0 /* Release */ = {
			isa = XCBuildConfiguration;
			buildSettings = {
				ALWAYS_SEARCH_USER_PATHS = NO;
				CLANG_ANALYZER_NONNULL = YES;
				CLANG_ANALYZER_NUMBER_OBJECT_CONVERSION = YES_AGGRESSIVE;
				CLANG_CXX_LANGUAGE_STANDARD = "gnu++14";
				CLANG_CXX_LIBRARY = "libc++";
				CLANG_ENABLE_MODULES = YES;
				CLANG_ENABLE_OBJC_ARC = YES;
				CLANG_ENABLE_OBJC_WEAK = YES;
				CLANG_WARN_BLOCK_CAPTURE_AUTORELEASING = YES;
				CLANG_WARN_BOOL_CONVERSION = YES;
				CLANG_WARN_COMMA = YES;
				CLANG_WARN_CONSTANT_CONVERSION = YES;
				CLANG_WARN_DEPRECATED_OBJC_IMPLEMENTATIONS = YES;
				CLANG_WARN_DIRECT_OBJC_ISA_USAGE = YES_ERROR;
				CLANG_WARN_DOCUMENTATION_COMMENTS = YES;
				CLANG_WARN_EMPTY_BODY = YES;
				CLANG_WARN_ENUM_CONVERSION = YES;
				CLANG_WARN_INFINITE_RECURSION = YES;
				CLANG_WARN_INT_CONVERSION = YES;
				CLANG_WARN_NON_LITERAL_NULL_CONVERSION = YES;
				CLANG_WARN_OBJC_IMPLICIT_RETAIN_SELF = YES;
				CLANG_WARN_OBJC_LITERAL_CONVERSION = YES;
				CLANG_WARN_OBJC_ROOT_CLASS = YES_ERROR;
				CLANG_WARN_RANGE_LOOP_ANALYSIS = YES;
				CLANG_WARN_STRICT_PROTOTYPES = YES;
				CLANG_WARN_SUSPICIOUS_MOVE = YES;
				CLANG_WARN_UNGUARDED_AVAILABILITY = YES_AGGRESSIVE;
				CLANG_WARN_UNREACHABLE_CODE = YES;
				CLANG_WARN__DUPLICATE_METHOD_MATCH = YES;
				COPY_PHASE_STRIP = NO;
				DEBUG_INFORMATION_FORMAT = "dwarf-with-dsym";
				ENABLE_NS_ASSERTIONS = NO;
				ENABLE_STRICT_OBJC_MSGSEND = YES;
				GCC_C_LANGUAGE_STANDARD = gnu11;
				GCC_NO_COMMON_BLOCKS = YES;
				GCC_WARN_64_TO_32_BIT_CONVERSION = YES;
				GCC_WARN_ABOUT_RETURN_TYPE = YES_ERROR;
				GCC_WARN_UNDECLARED_SELECTOR = YES;
				GCC_WARN_UNINITIALIZED_AUTOS = YES_AGGRESSIVE;
				GCC_WARN_UNUSED_FUNCTION = YES;
				GCC_WARN_UNUSED_VARIABLE = YES;
				IPHONEOS_DEPLOYMENT_TARGET = 11.0;
				MTL_ENABLE_DEBUG_INFO = NO;
				MTL_FAST_MATH = YES;
				SDKROOT = iphoneos;
				SWIFT_COMPILATION_MODE = wholemodule;
				SWIFT_OPTIMIZATION_LEVEL = "-O";
				VALIDATE_PRODUCT = YES;
			};
			name = Release;
		};
		AAD5DA9D23E169EF00D9F7D0 /* Debug */ = {
			isa = XCBuildConfiguration;
			baseConfigurationReference = EAA3C1192A90A8A41CD4BB81 /* Pods-Tensend(new).debug.xcconfig */;
			buildSettings = {
				ASSETCATALOG_COMPILER_APPICON_NAME = AppIcon;
				CODE_SIGN_IDENTITY = "iPhone Developer";
				CODE_SIGN_STYLE = Automatic;
				DEVELOPMENT_TEAM = BN62376H24;
				INFOPLIST_FILE = "Tensend(new)/Info.plist";
				LD_RUNPATH_SEARCH_PATHS = (
					"$(inherited)",
					"@executable_path/Frameworks",
				);
				PRODUCT_BUNDLE_IDENTIFIER = "kz.Tensend-new-ab";
				PRODUCT_NAME = tsnb;
				PROVISIONING_PROFILE_SPECIFIER = "";
				SWIFT_VERSION = 5.0;
				TARGETED_DEVICE_FAMILY = "1,2";
			};
			name = Debug;
		};
		AAD5DA9E23E169EF00D9F7D0 /* Release */ = {
			isa = XCBuildConfiguration;
			baseConfigurationReference = ED1983BC29CCFC1ED6CA7B58 /* Pods-Tensend(new).release.xcconfig */;
			buildSettings = {
				ASSETCATALOG_COMPILER_APPICON_NAME = AppIcon;
				CODE_SIGN_IDENTITY = "iPhone Developer";
				CODE_SIGN_STYLE = Automatic;
				DEVELOPMENT_TEAM = BN62376H24;
				INFOPLIST_FILE = "Tensend(new)/Info.plist";
				LD_RUNPATH_SEARCH_PATHS = (
					"$(inherited)",
					"@executable_path/Frameworks",
				);
				PRODUCT_BUNDLE_IDENTIFIER = "kz.Tensend-new-ab";
				PRODUCT_NAME = tsnb;
				PROVISIONING_PROFILE_SPECIFIER = "";
				SWIFT_VERSION = 5.0;
				TARGETED_DEVICE_FAMILY = "1,2";
			};
			name = Release;
		};
		AAD5DAA023E169EF00D9F7D0 /* Debug */ = {
			isa = XCBuildConfiguration;
			baseConfigurationReference = 0E62ED0DA18E2558035BEAEA /* Pods-Tensend(new)Tests.debug.xcconfig */;
			buildSettings = {
				ALWAYS_EMBED_SWIFT_STANDARD_LIBRARIES = YES;
				BUNDLE_LOADER = "$(TEST_HOST)";
				CODE_SIGN_STYLE = Automatic;
				DEVELOPMENT_TEAM = 485F549R3Y;
				INFOPLIST_FILE = "Tensend(new)Tests/Info.plist";
				IPHONEOS_DEPLOYMENT_TARGET = 13.2;
				LD_RUNPATH_SEARCH_PATHS = (
					"$(inherited)",
					"@executable_path/Frameworks",
					"@loader_path/Frameworks",
				);
				PRODUCT_BUNDLE_IDENTIFIER = "kz.Tensend-new-Tests";
				PRODUCT_NAME = "$(TARGET_NAME)";
				SWIFT_VERSION = 5.0;
				TARGETED_DEVICE_FAMILY = "1,2";
				TEST_HOST = "$(BUILT_PRODUCTS_DIR)/Tensend(new).app/Tensend(new)";
			};
			name = Debug;
		};
		AAD5DAA123E169EF00D9F7D0 /* Release */ = {
			isa = XCBuildConfiguration;
			baseConfigurationReference = 3441CFBAAEC28BF348339BAA /* Pods-Tensend(new)Tests.release.xcconfig */;
			buildSettings = {
				ALWAYS_EMBED_SWIFT_STANDARD_LIBRARIES = YES;
				BUNDLE_LOADER = "$(TEST_HOST)";
				CODE_SIGN_STYLE = Automatic;
				DEVELOPMENT_TEAM = 485F549R3Y;
				INFOPLIST_FILE = "Tensend(new)Tests/Info.plist";
				IPHONEOS_DEPLOYMENT_TARGET = 13.2;
				LD_RUNPATH_SEARCH_PATHS = (
					"$(inherited)",
					"@executable_path/Frameworks",
					"@loader_path/Frameworks",
				);
				PRODUCT_BUNDLE_IDENTIFIER = "kz.Tensend-new-Tests";
				PRODUCT_NAME = "$(TARGET_NAME)";
				SWIFT_VERSION = 5.0;
				TARGETED_DEVICE_FAMILY = "1,2";
				TEST_HOST = "$(BUILT_PRODUCTS_DIR)/Tensend(new).app/Tensend(new)";
			};
			name = Release;
		};
/* End XCBuildConfiguration section */

/* Begin XCConfigurationList section */
		AAD5DA7823E169ED00D9F7D0 /* Build configuration list for PBXProject "Tensend(new)" */ = {
			isa = XCConfigurationList;
			buildConfigurations = (
				AAD5DA9A23E169EF00D9F7D0 /* Debug */,
				AAD5DA9B23E169EF00D9F7D0 /* Release */,
			);
			defaultConfigurationIsVisible = 0;
			defaultConfigurationName = Release;
		};
		AAD5DA9C23E169EF00D9F7D0 /* Build configuration list for PBXNativeTarget "Tensend(new)" */ = {
			isa = XCConfigurationList;
			buildConfigurations = (
				AAD5DA9D23E169EF00D9F7D0 /* Debug */,
				AAD5DA9E23E169EF00D9F7D0 /* Release */,
			);
			defaultConfigurationIsVisible = 0;
			defaultConfigurationName = Release;
		};
		AAD5DA9F23E169EF00D9F7D0 /* Build configuration list for PBXNativeTarget "Tensend(new)Tests" */ = {
			isa = XCConfigurationList;
			buildConfigurations = (
				AAD5DAA023E169EF00D9F7D0 /* Debug */,
				AAD5DAA123E169EF00D9F7D0 /* Release */,
			);
			defaultConfigurationIsVisible = 0;
			defaultConfigurationName = Release;
		};
/* End XCConfigurationList section */
	};
	rootObject = AAD5DA7523E169ED00D9F7D0 /* Project object */;
}
